
Microsoft Visual Studio Solution File, Format Version 12.00
# Visual Studio Version 17
VisualStudioVersion = 17.12.35514.174
MinimumVisualStudioVersion = 10.0.40219.1
Project("{FAE04EC0-301F-11D3-BF4B-00C04F79EFBC}") = "CatApi", "CatApi.csproj", "{A6339CE3-9EDA-463C-96BD-632FE1AC71AB}"
EndProject
Project("{FAE04EC0-301F-11D3-BF4B-00C04F79EFBC}") = "CatApiUnitTests", "..\CatApiUnitTests\CatApiUnitTests.csproj", "{3FFE3CCE-414E-4F80-A97F-496AAC5E8E9E}"
	ProjectSection(ProjectDependencies) = postProject
		{A6339CE3-9EDA-463C-96BD-632FE1AC71AB} = {A6339CE3-9EDA-463C-96BD-632FE1AC71AB}
	EndProjectSection
EndProject
Global
	GlobalSection(SolutionConfigurationPlatforms) = preSolution
		Debug|Any CPU = Debug|Any CPU
		Release|Any CPU = Release|Any CPU
	EndGlobalSection
	GlobalSection(ProjectConfigurationPlatforms) = postSolution
		{A6339CE3-9EDA-463C-96BD-632FE1AC71AB}.Debug|Any CPU.ActiveCfg = Debug|Any CPU
		{A6339CE3-9EDA-463C-96BD-632FE1AC71AB}.Debug|Any CPU.Build.0 = Debug|Any CPU
		{A6339CE3-9EDA-463C-96BD-632FE1AC71AB}.Release|Any CPU.ActiveCfg = Release|Any CPU
		{A6339CE3-9EDA-463C-96BD-632FE1AC71AB}.Release|Any CPU.Build.0 = Release|Any CPU
		{3FFE3CCE-414E-4F80-A97F-496AAC5E8E9E}.Debug|Any CPU.ActiveCfg = Debug|Any CPU
		{3FFE3CCE-414E-4F80-A97F-496AAC5E8E9E}.Debug|Any CPU.Build.0 = Debug|Any CPU
		{3FFE3CCE-414E-4F80-A97F-496AAC5E8E9E}.Release|Any CPU.ActiveCfg = Release|Any CPU
		{3FFE3CCE-414E-4F80-A97F-496AAC5E8E9E}.Release|Any CPU.Build.0 = Release|Any CPU
	EndGlobalSection
	GlobalSection(SolutionProperties) = preSolution
		HideSolutionNode = FALSE
	EndGlobalSection
EndGlobal
